
Microsoft Visual Studio Solution File, Format Version 12.00
# Visual Studio 2013
VisualStudioVersion = 12.0.31101.0
MinimumVisualStudioVersion = 10.0.40219.1
Project("{FAE04EC0-301F-11D3-BF4B-00C04F79EFBC}") = "HideScriptExample", "HideScriptExample\HideScriptExample.csproj", "{BDEE9713-E5F1-4895-BE1D-A70F0687A2D4}"
EndProject
Project("{FAE04EC0-301F-11D3-BF4B-00C04F79EFBC}") = "Qlik.Examples.CommonUserControls", "CommoUserControls\Qlik.Examples.CommonUserControls.csproj", "{1568AA36-428F-4323-ABCD-6B5BDDE13191}"
EndProject
Global
	GlobalSection(SolutionConfigurationPlatforms) = preSolution
		Debug|Any CPU = Debug|Any CPU
		Release|Any CPU = Release|Any CPU
	EndGlobalSection
	GlobalSection(ProjectConfigurationPlatforms) = postSolution
		{BDEE9713-E5F1-4895-BE1D-A70F0687A2D4}.Debug|Any CPU.ActiveCfg = Debug|Any CPU
		{BDEE9713-E5F1-4895-BE1D-A70F0687A2D4}.Debug|Any CPU.Build.0 = Debug|Any CPU
		{BDEE9713-E5F1-4895-BE1D-A70F0687A2D4}.Release|Any CPU.ActiveCfg = Release|Any CPU
		{BDEE9713-E5F1-4895-BE1D-A70F0687A2D4}.Release|Any CPU.Build.0 = Release|Any CPU
		{1568AA36-428F-4323-ABCD-6B5BDDE13191}.Debug|Any CPU.ActiveCfg = Debug|Any CPU
		{1568AA36-428F-4323-ABCD-6B5BDDE13191}.Debug|Any CPU.Build.0 = Debug|Any CPU
		{1568AA36-428F-4323-ABCD-6B5BDDE13191}.Release|Any CPU.ActiveCfg = Release|Any CPU
		{1568AA36-428F-4323-ABCD-6B5BDDE13191}.Release|Any CPU.Build.0 = Release|Any CPU
	EndGlobalSection
	GlobalSection(SolutionProperties) = preSolution
		HideSolutionNode = FALSE
	EndGlobalSection
EndGlobal
